
Microsoft Visual Studio Solution File, Format Version 12.00
# Visual Studio Version 16
VisualStudioVersion = 16.0.33529.622
MinimumVisualStudioVersion = 10.0.40219.1
Project("{F184B08F-C81C-45F6-A57F-5ABD9991F28F}") = "Ejercicio1Edad", "Ejercicio1Edad\Ejercicio1Edad.vbproj", "{813C46B8-CA61-4D55-81A5-8528C9D62A52}"
EndProject
Global
	GlobalSection(SolutionConfigurationPlatforms) = preSolution
		Debug|Any CPU = Debug|Any CPU
		Release|Any CPU = Release|Any CPU
	EndGlobalSection
	GlobalSection(ProjectConfigurationPlatforms) = postSolution
		{813C46B8-CA61-4D55-81A5-8528C9D62A52}.Debug|Any CPU.ActiveCfg = Debug|Any CPU
		{813C46B8-CA61-4D55-81A5-8528C9D62A52}.Debug|Any CPU.Build.0 = Debug|Any CPU
		{813C46B8-CA61-4D55-81A5-8528C9D62A52}.Release|Any CPU.ActiveCfg = Release|Any CPU
		{813C46B8-CA61-4D55-81A5-8528C9D62A52}.Release|Any CPU.Build.0 = Release|Any CPU
	EndGlobalSection
	GlobalSection(SolutionProperties) = preSolution
		HideSolutionNode = FALSE
	EndGlobalSection
	GlobalSection(ExtensibilityGlobals) = postSolution
		SolutionGuid = {3AC1C0DB-2718-43FB-8DF3-79363A2E01A1}
	EndGlobalSection
EndGlobal
